
Microsoft Visual Studio Solution File, Format Version 12.00
# Visual Studio Version 16
VisualStudioVersion = 25.0.1700.0
MinimumVisualStudioVersion = 10.0.40219.1
Project("{FAE04EC0-301F-11D3-BF4B-00C04F79EFBC}") = "Demo.WebAPI", "Demo.WebAPI\Demo.WebAPI.csproj", "{9EFCD055-2253-49CA-8327-78CBE4D4982B}"
EndProject
Global
	GlobalSection(SolutionConfigurationPlatforms) = preSolution
		Debug|Any CPU = Debug|Any CPU
		Release|Any CPU = Release|Any CPU
	EndGlobalSection
	GlobalSection(ProjectConfigurationPlatforms) = postSolution
		{9EFCD055-2253-49CA-8327-78CBE4D4982B}.Debug|Any CPU.ActiveCfg = Debug|Any CPU
		{9EFCD055-2253-49CA-8327-78CBE4D4982B}.Debug|Any CPU.Build.0 = Debug|Any CPU
		{9EFCD055-2253-49CA-8327-78CBE4D4982B}.Release|Any CPU.ActiveCfg = Release|Any CPU
		{9EFCD055-2253-49CA-8327-78CBE4D4982B}.Release|Any CPU.Build.0 = Release|Any CPU
	EndGlobalSection
	GlobalSection(SolutionProperties) = preSolution
		HideSolutionNode = FALSE
	EndGlobalSection
	GlobalSection(ExtensibilityGlobals) = postSolution
		SolutionGuid = {FCB3154F-A49E-481D-BE2D-604DC8CB9CCB}
	EndGlobalSection
EndGlobal
