
Microsoft Visual Studio Solution File, Format Version 12.00
# Visual Studio Version 16
VisualStudioVersion = 25.0.1700.0
MinimumVisualStudioVersion = 10.0.40219.1
Project("{FAE04EC0-301F-11D3-BF4B-00C04F79EFBC}") = "Demo.WebAPI", "Demo.WebAPI\Demo.WebAPI.csproj", "{9EFCD055-2253-49CA-8327-78CBE4D4982B}"
EndProject
Project("{FAE04EC0-301F-11D3-BF4B-00C04F79EFBC}") = "Demo.Service", "Demo.Service\Demo.Service.csproj", "{67E7019F-2851-4BD5-BC03-FAB9C1354DE5}"
EndProject
Project("{FAE04EC0-301F-11D3-BF4B-00C04F79EFBC}") = "Demo.Model", "Demo.Model\Demo.Model.csproj", "{2E52E3F9-BAE1-4A06-B05C-F91C005ABBDC}"
EndProject
Project("{FAE04EC0-301F-11D3-BF4B-00C04F79EFBC}") = "Demo.Data", "Demo.Data\Demo.Data.csproj", "{BEBBE50A-2139-4B78-8C1E-295F8C225FEB}"
EndProject
Project("{FAE04EC0-301F-11D3-BF4B-00C04F79EFBC}") = "Demo.Core", "Demo.Core\Demo.Core.csproj", "{A69CB96B-3A05-4AC6-8026-BA2840B3DF6F}"
EndProject
Global
	GlobalSection(SolutionConfigurationPlatforms) = preSolution
		Debug|Any CPU = Debug|Any CPU
		Release|Any CPU = Release|Any CPU
	EndGlobalSection
	GlobalSection(ProjectConfigurationPlatforms) = postSolution
		{9EFCD055-2253-49CA-8327-78CBE4D4982B}.Debug|Any CPU.ActiveCfg = Debug|Any CPU
		{9EFCD055-2253-49CA-8327-78CBE4D4982B}.Debug|Any CPU.Build.0 = Debug|Any CPU
		{9EFCD055-2253-49CA-8327-78CBE4D4982B}.Release|Any CPU.ActiveCfg = Release|Any CPU
		{9EFCD055-2253-49CA-8327-78CBE4D4982B}.Release|Any CPU.Build.0 = Release|Any CPU
		{67E7019F-2851-4BD5-BC03-FAB9C1354DE5}.Debug|Any CPU.ActiveCfg = Debug|Any CPU
		{67E7019F-2851-4BD5-BC03-FAB9C1354DE5}.Debug|Any CPU.Build.0 = Debug|Any CPU
		{67E7019F-2851-4BD5-BC03-FAB9C1354DE5}.Release|Any CPU.ActiveCfg = Release|Any CPU
		{67E7019F-2851-4BD5-BC03-FAB9C1354DE5}.Release|Any CPU.Build.0 = Release|Any CPU
		{2E52E3F9-BAE1-4A06-B05C-F91C005ABBDC}.Debug|Any CPU.ActiveCfg = Debug|Any CPU
		{2E52E3F9-BAE1-4A06-B05C-F91C005ABBDC}.Debug|Any CPU.Build.0 = Debug|Any CPU
		{2E52E3F9-BAE1-4A06-B05C-F91C005ABBDC}.Release|Any CPU.ActiveCfg = Release|Any CPU
		{2E52E3F9-BAE1-4A06-B05C-F91C005ABBDC}.Release|Any CPU.Build.0 = Release|Any CPU
		{BEBBE50A-2139-4B78-8C1E-295F8C225FEB}.Debug|Any CPU.ActiveCfg = Debug|Any CPU
		{BEBBE50A-2139-4B78-8C1E-295F8C225FEB}.Debug|Any CPU.Build.0 = Debug|Any CPU
		{BEBBE50A-2139-4B78-8C1E-295F8C225FEB}.Release|Any CPU.ActiveCfg = Release|Any CPU
		{BEBBE50A-2139-4B78-8C1E-295F8C225FEB}.Release|Any CPU.Build.0 = Release|Any CPU
		{A69CB96B-3A05-4AC6-8026-BA2840B3DF6F}.Debug|Any CPU.ActiveCfg = Debug|Any CPU
		{A69CB96B-3A05-4AC6-8026-BA2840B3DF6F}.Debug|Any CPU.Build.0 = Debug|Any CPU
		{A69CB96B-3A05-4AC6-8026-BA2840B3DF6F}.Release|Any CPU.ActiveCfg = Release|Any CPU
		{A69CB96B-3A05-4AC6-8026-BA2840B3DF6F}.Release|Any CPU.Build.0 = Release|Any CPU
	EndGlobalSection
	GlobalSection(SolutionProperties) = preSolution
		HideSolutionNode = FALSE
	EndGlobalSection
	GlobalSection(ExtensibilityGlobals) = postSolution
		SolutionGuid = {FCB3154F-A49E-481D-BE2D-604DC8CB9CCB}
	EndGlobalSection
EndGlobal
